// !$*UTF8*$!
{
	archiveVersion = 1;
	classes = {
	};
	objectVersion = 55;
	objects = {

/* Begin PBXBuildFile section */
		8B1A7B7627FE3B1C00055E9D /* AccountView.swift in Sources */ = {isa = PBXBuildFile; fileRef = 8B1A7B7527FE3B1C00055E9D /* AccountView.swift */; };
		8B37FB2827E02543003B0123 /* SkyApp.swift in Sources */ = {isa = PBXBuildFile; fileRef = 8B37FB2727E02543003B0123 /* SkyApp.swift */; };
		8B37FB2A27E02543003B0123 /* ContentView.swift in Sources */ = {isa = PBXBuildFile; fileRef = 8B37FB2927E02543003B0123 /* ContentView.swift */; };
		8B37FB2C27E02545003B0123 /* Assets.xcassets in Resources */ = {isa = PBXBuildFile; fileRef = 8B37FB2B27E02545003B0123 /* Assets.xcassets */; };
		8B37FB2F27E02545003B0123 /* Preview Assets.xcassets in Resources */ = {isa = PBXBuildFile; fileRef = 8B37FB2E27E02545003B0123 /* Preview Assets.xcassets */; };
		8B3C394627F14849004491D1 /* HexagonParameters.swift in Sources */ = {isa = PBXBuildFile; fileRef = 8B3C394527F14849004491D1 /* HexagonParameters.swift */; };
		8B3C394827F14994004491D1 /* Hexagon.swift in Sources */ = {isa = PBXBuildFile; fileRef = 8B3C394727F14994004491D1 /* Hexagon.swift */; };
		8B5615E227F00364009012A2 /* WelcomeView.swift in Sources */ = {isa = PBXBuildFile; fileRef = 8B5615E127F00364009012A2 /* WelcomeView.swift */; };
		8B596EA227F7A7A400C7D576 /* NavigationBar.swift in Sources */ = {isa = PBXBuildFile; fileRef = 8B596EA127F7A7A400C7D576 /* NavigationBar.swift */; };
		8B596EA427F806AC00C7D576 /* SearchView.swift in Sources */ = {isa = PBXBuildFile; fileRef = 8B596EA327F806AC00C7D576 /* SearchView.swift */; };
		8B5B31FA27EAD17000E6E660 /* ChatView.swift in Sources */ = {isa = PBXBuildFile; fileRef = 8B5B31F927EAD17000E6E660 /* ChatView.swift */; };
		8B72EFC9285FCE6D0011F53A /* WrappingHStack in Frameworks */ = {isa = PBXBuildFile; productRef = 8B72EFC8285FCE6D0011F53A /* WrappingHStack */; };
		8B7F426827F2BA75005C49D1 /* EmailView.swift in Sources */ = {isa = PBXBuildFile; fileRef = 8B7F426727F2BA75005C49D1 /* EmailView.swift */; };
		8B9E3C22281369D100AC740F /* SocketIO in Frameworks */ = {isa = PBXBuildFile; productRef = 8B9E3C21281369D100AC740F /* SocketIO */; };
		8BAF078F28092D55008C2F22 /* Alamofire in Frameworks */ = {isa = PBXBuildFile; productRef = 8BAF078E28092D55008C2F22 /* Alamofire */; };
		8BAFC0D227FCF55A00E181A6 /* ImageView.swift in Sources */ = {isa = PBXBuildFile; fileRef = 8BAFC0D127FCF55A00E181A6 /* ImageView.swift */; };
		8BB6D9E727E42DDE00B6229E /* FrameView.swift in Sources */ = {isa = PBXBuildFile; fileRef = 8BB6D9E627E42DDE00B6229E /* FrameView.swift */; };
		8BB6D9E927E4308600B6229E /* CameraManager.swift in Sources */ = {isa = PBXBuildFile; fileRef = 8BB6D9E827E4308600B6229E /* CameraManager.swift */; };
		8BBAA4C628051D8800E36AA5 /* LoginView.swift in Sources */ = {isa = PBXBuildFile; fileRef = 8BBAA4C528051D8800E36AA5 /* LoginView.swift */; };
		8BBAA4CA28053B9900E36AA5 /* KeychainSwift in Frameworks */ = {isa = PBXBuildFile; productRef = 8BBAA4C928053B9900E36AA5 /* KeychainSwift */; };
		8BEA7B652816524400566EB2 /* ChatViewModel.swift in Sources */ = {isa = PBXBuildFile; fileRef = 8BEA7B642816524400566EB2 /* ChatViewModel.swift */; };
		8BF6100E27F3678800684142 /* EmailConfirmationView.swift in Sources */ = {isa = PBXBuildFile; fileRef = 8BF6100D27F3678800684142 /* EmailConfirmationView.swift */; };
		8BF6101027F3785000684142 /* UsernameView.swift in Sources */ = {isa = PBXBuildFile; fileRef = 8BF6100F27F3785000684142 /* UsernameView.swift */; };
		8BF6101227F379BA00684142 /* BirthdayView.swift in Sources */ = {isa = PBXBuildFile; fileRef = 8BF6101127F379BA00684142 /* BirthdayView.swift */; };
/* End PBXBuildFile section */

/* Begin PBXFileReference section */
		8B1A7B7527FE3B1C00055E9D /* AccountView.swift */ = {isa = PBXFileReference; lastKnownFileType = sourcecode.swift; path = AccountView.swift; sourceTree = "<group>"; };
		8B37FB2427E02543003B0123 /* Sky.app */ = {isa = PBXFileReference; explicitFileType = wrapper.application; includeInIndex = 0; path = Sky.app; sourceTree = BUILT_PRODUCTS_DIR; };
		8B37FB2727E02543003B0123 /* SkyApp.swift */ = {isa = PBXFileReference; lastKnownFileType = sourcecode.swift; path = SkyApp.swift; sourceTree = "<group>"; };
		8B37FB2927E02543003B0123 /* ContentView.swift */ = {isa = PBXFileReference; lastKnownFileType = sourcecode.swift; path = ContentView.swift; sourceTree = "<group>"; };
		8B37FB2B27E02545003B0123 /* Assets.xcassets */ = {isa = PBXFileReference; lastKnownFileType = folder.assetcatalog; path = Assets.xcassets; sourceTree = "<group>"; };
		8B37FB2E27E02545003B0123 /* Preview Assets.xcassets */ = {isa = PBXFileReference; lastKnownFileType = folder.assetcatalog; path = "Preview Assets.xcassets"; sourceTree = "<group>"; };
		8B3C394527F14849004491D1 /* HexagonParameters.swift */ = {isa = PBXFileReference; lastKnownFileType = sourcecode.swift; path = HexagonParameters.swift; sourceTree = "<group>"; };
		8B3C394727F14994004491D1 /* Hexagon.swift */ = {isa = PBXFileReference; lastKnownFileType = sourcecode.swift; path = Hexagon.swift; sourceTree = "<group>"; };
		8B5615E127F00364009012A2 /* WelcomeView.swift */ = {isa = PBXFileReference; lastKnownFileType = sourcecode.swift; path = WelcomeView.swift; sourceTree = "<group>"; };
		8B596EA127F7A7A400C7D576 /* NavigationBar.swift */ = {isa = PBXFileReference; lastKnownFileType = sourcecode.swift; path = NavigationBar.swift; sourceTree = "<group>"; };
		8B596EA327F806AC00C7D576 /* SearchView.swift */ = {isa = PBXFileReference; lastKnownFileType = sourcecode.swift; path = SearchView.swift; sourceTree = "<group>"; };
		8B5B31F927EAD17000E6E660 /* ChatView.swift */ = {isa = PBXFileReference; lastKnownFileType = sourcecode.swift; path = ChatView.swift; sourceTree = "<group>"; };
		8B7F426727F2BA75005C49D1 /* EmailView.swift */ = {isa = PBXFileReference; lastKnownFileType = sourcecode.swift; path = EmailView.swift; sourceTree = "<group>"; };
		8BAFC0D127FCF55A00E181A6 /* ImageView.swift */ = {isa = PBXFileReference; lastKnownFileType = sourcecode.swift; path = ImageView.swift; sourceTree = "<group>"; };
		8BB6D9E627E42DDE00B6229E /* FrameView.swift */ = {isa = PBXFileReference; lastKnownFileType = sourcecode.swift; path = FrameView.swift; sourceTree = "<group>"; };
		8BB6D9E827E4308600B6229E /* CameraManager.swift */ = {isa = PBXFileReference; lastKnownFileType = sourcecode.swift; path = CameraManager.swift; sourceTree = "<group>"; };
		8BBAA4C528051D8800E36AA5 /* LoginView.swift */ = {isa = PBXFileReference; lastKnownFileType = sourcecode.swift; path = LoginView.swift; sourceTree = "<group>"; };
		8BEA7B642816524400566EB2 /* ChatViewModel.swift */ = {isa = PBXFileReference; lastKnownFileType = sourcecode.swift; path = ChatViewModel.swift; sourceTree = "<group>"; };
		8BF6100D27F3678800684142 /* EmailConfirmationView.swift */ = {isa = PBXFileReference; lastKnownFileType = sourcecode.swift; path = EmailConfirmationView.swift; sourceTree = "<group>"; };
		8BF6100F27F3785000684142 /* UsernameView.swift */ = {isa = PBXFileReference; lastKnownFileType = sourcecode.swift; path = UsernameView.swift; sourceTree = "<group>"; };
		8BF6101127F379BA00684142 /* BirthdayView.swift */ = {isa = PBXFileReference; lastKnownFileType = sourcecode.swift; path = BirthdayView.swift; sourceTree = "<group>"; };
		8BF6E09C27E54A0F00F4021C /* Info.plist */ = {isa = PBXFileReference; lastKnownFileType = text.plist; path = Info.plist; sourceTree = "<group>"; };
/* End PBXFileReference section */

/* Begin PBXFrameworksBuildPhase section */
		8B37FB2127E02543003B0123 /* Frameworks */ = {
			isa = PBXFrameworksBuildPhase;
			buildActionMask = 2147483647;
			files = (
				8B72EFC9285FCE6D0011F53A /* WrappingHStack in Frameworks */,
				8BBAA4CA28053B9900E36AA5 /* KeychainSwift in Frameworks */,
				8BAF078F28092D55008C2F22 /* Alamofire in Frameworks */,
				8B9E3C22281369D100AC740F /* SocketIO in Frameworks */,
			);
			runOnlyForDeploymentPostprocessing = 0;
		};
/* End PBXFrameworksBuildPhase section */

/* Begin PBXGroup section */
		8B37FB1B27E02543003B0123 = {
			isa = PBXGroup;
			children = (
				8B37FB2627E02543003B0123 /* Sky */,
				8B37FB2527E02543003B0123 /* Products */,
			);
			sourceTree = "<group>";
		};
		8B37FB2527E02543003B0123 /* Products */ = {
			isa = PBXGroup;
			children = (
				8B37FB2427E02543003B0123 /* Sky.app */,
			);
			name = Products;
			sourceTree = "<group>";
		};
		8B37FB2627E02543003B0123 /* Sky */ = {
			isa = PBXGroup;
			children = (
				8BF6E09C27E54A0F00F4021C /* Info.plist */,
				8B37FB2727E02543003B0123 /* SkyApp.swift */,
				8B37FB2927E02543003B0123 /* ContentView.swift */,
				8B37FB2B27E02545003B0123 /* Assets.xcassets */,
				8B37FB2D27E02545003B0123 /* Preview Content */,
				8BB6D9E627E42DDE00B6229E /* FrameView.swift */,
				8BB6D9E827E4308600B6229E /* CameraManager.swift */,
				8B5B31F927EAD17000E6E660 /* ChatView.swift */,
				8B5615E127F00364009012A2 /* WelcomeView.swift */,
				8B3C394527F14849004491D1 /* HexagonParameters.swift */,
				8B3C394727F14994004491D1 /* Hexagon.swift */,
				8B7F426727F2BA75005C49D1 /* EmailView.swift */,
				8BF6100D27F3678800684142 /* EmailConfirmationView.swift */,
				8BF6100F27F3785000684142 /* UsernameView.swift */,
				8BF6101127F379BA00684142 /* BirthdayView.swift */,
				8B596EA127F7A7A400C7D576 /* NavigationBar.swift */,
				8B596EA327F806AC00C7D576 /* SearchView.swift */,
				8BAFC0D127FCF55A00E181A6 /* ImageView.swift */,
				8B1A7B7527FE3B1C00055E9D /* AccountView.swift */,
				8BBAA4C528051D8800E36AA5 /* LoginView.swift */,
				8BEA7B642816524400566EB2 /* ChatViewModel.swift */,
			);
			path = Sky;
			sourceTree = "<group>";
		};
		8B37FB2D27E02545003B0123 /* Preview Content */ = {
			isa = PBXGroup;
			children = (
				8B37FB2E27E02545003B0123 /* Preview Assets.xcassets */,
			);
			path = "Preview Content";
			sourceTree = "<group>";
		};
/* End PBXGroup section */

/* Begin PBXNativeTarget section */
		8B37FB2327E02543003B0123 /* Sky */ = {
			isa = PBXNativeTarget;
			buildConfigurationList = 8B37FB3227E02545003B0123 /* Build configuration list for PBXNativeTarget "Sky" */;
			buildPhases = (
				8B37FB2027E02543003B0123 /* Sources */,
				8B37FB2127E02543003B0123 /* Frameworks */,
				8B37FB2227E02543003B0123 /* Resources */,
			);
			buildRules = (
			);
			dependencies = (
			);
			name = Sky;
			packageProductDependencies = (
				8BBAA4C928053B9900E36AA5 /* KeychainSwift */,
				8BAF078E28092D55008C2F22 /* Alamofire */,
				8B9E3C21281369D100AC740F /* SocketIO */,
				8B72EFC8285FCE6D0011F53A /* WrappingHStack */,
			);
			productName = Sky;
			productReference = 8B37FB2427E02543003B0123 /* Sky.app */;
			productType = "com.apple.product-type.application";
		};
/* End PBXNativeTarget section */

/* Begin PBXProject section */
		8B37FB1C27E02543003B0123 /* Project object */ = {
			isa = PBXProject;
			attributes = {
				BuildIndependentTargetsInParallel = 1;
				LastSwiftUpdateCheck = 1310;
				LastUpgradeCheck = 1310;
				TargetAttributes = {
					8B37FB2327E02543003B0123 = {
						CreatedOnToolsVersion = 13.1;
					};
				};
			};
			buildConfigurationList = 8B37FB1F27E02543003B0123 /* Build configuration list for PBXProject "Sky" */;
			compatibilityVersion = "Xcode 13.0";
			developmentRegion = en;
			hasScannedForEncodings = 0;
			knownRegions = (
				en,
				Base,
			);
			mainGroup = 8B37FB1B27E02543003B0123;
			packageReferences = (
				8BBAA4C828053B9900E36AA5 /* XCRemoteSwiftPackageReference "keychain-swift" */,
				8BAF078D28092D55008C2F22 /* XCRemoteSwiftPackageReference "Alamofire" */,
				8B9E3C20281369D100AC740F /* XCRemoteSwiftPackageReference "socket" */,
				8B72EFC7285FCE6D0011F53A /* XCRemoteSwiftPackageReference "WrappingHStack" */,
			);
			productRefGroup = 8B37FB2527E02543003B0123 /* Products */;
			projectDirPath = "";
			projectRoot = "";
			targets = (
				8B37FB2327E02543003B0123 /* Sky */,
			);
		};
/* End PBXProject section */

/* Begin PBXResourcesBuildPhase section */
		8B37FB2227E02543003B0123 /* Resources */ = {
			isa = PBXResourcesBuildPhase;
			buildActionMask = 2147483647;
			files = (
				8B37FB2F27E02545003B0123 /* Preview Assets.xcassets in Resources */,
				8B37FB2C27E02545003B0123 /* Assets.xcassets in Resources */,
			);
			runOnlyForDeploymentPostprocessing = 0;
		};
/* End PBXResourcesBuildPhase section */

/* Begin PBXSourcesBuildPhase section */
		8B37FB2027E02543003B0123 /* Sources */ = {
			isa = PBXSourcesBuildPhase;
			buildActionMask = 2147483647;
			files = (
				8BAFC0D227FCF55A00E181A6 /* ImageView.swift in Sources */,
				8B3C394627F14849004491D1 /* HexagonParameters.swift in Sources */,
				8BB6D9E727E42DDE00B6229E /* FrameView.swift in Sources */,
				8B7F426827F2BA75005C49D1 /* EmailView.swift in Sources */,
				8B1A7B7627FE3B1C00055E9D /* AccountView.swift in Sources */,
				8BF6101227F379BA00684142 /* BirthdayView.swift in Sources */,
				8B596EA227F7A7A400C7D576 /* NavigationBar.swift in Sources */,
				8B3C394827F14994004491D1 /* Hexagon.swift in Sources */,
				8BF6100E27F3678800684142 /* EmailConfirmationView.swift in Sources */,
				8B5615E227F00364009012A2 /* WelcomeView.swift in Sources */,
				8B37FB2A27E02543003B0123 /* ContentView.swift in Sources */,
				8BBAA4C628051D8800E36AA5 /* LoginView.swift in Sources */,
				8B5B31FA27EAD17000E6E660 /* ChatView.swift in Sources */,
				8B596EA427F806AC00C7D576 /* SearchView.swift in Sources */,
				8BB6D9E927E4308600B6229E /* CameraManager.swift in Sources */,
				8B37FB2827E02543003B0123 /* SkyApp.swift in Sources */,
				8BEA7B652816524400566EB2 /* ChatViewModel.swift in Sources */,
				8BF6101027F3785000684142 /* UsernameView.swift in Sources */,
			);
			runOnlyForDeploymentPostprocessing = 0;
		};
/* End PBXSourcesBuildPhase section */

/* Begin XCBuildConfiguration section */
		8B37FB3027E02545003B0123 /* Debug */ = {
			isa = XCBuildConfiguration;
			buildSettings = {
				ALWAYS_SEARCH_USER_PATHS = NO;
				CLANG_ANALYZER_NONNULL = YES;
				CLANG_ANALYZER_NUMBER_OBJECT_CONVERSION = YES_AGGRESSIVE;
				CLANG_CXX_LANGUAGE_STANDARD = "gnu++17";
				CLANG_CXX_LIBRARY = "libc++";
				CLANG_ENABLE_MODULES = YES;
				CLANG_ENABLE_OBJC_ARC = YES;
				CLANG_ENABLE_OBJC_WEAK = YES;
				CLANG_WARN_BLOCK_CAPTURE_AUTORELEASING = YES;
				CLANG_WARN_BOOL_CONVERSION = YES;
				CLANG_WARN_COMMA = YES;
				CLANG_WARN_CONSTANT_CONVERSION = YES;
				CLANG_WARN_DEPRECATED_OBJC_IMPLEMENTATIONS = YES;
				CLANG_WARN_DIRECT_OBJC_ISA_USAGE = YES_ERROR;
				CLANG_WARN_DOCUMENTATION_COMMENTS = YES;
				CLANG_WARN_EMPTY_BODY = YES;
				CLANG_WARN_ENUM_CONVERSION = YES;
				CLANG_WARN_INFINITE_RECURSION = YES;
				CLANG_WARN_INT_CONVERSION = YES;
				CLANG_WARN_NON_LITERAL_NULL_CONVERSION = YES;
				CLANG_WARN_OBJC_IMPLICIT_RETAIN_SELF = YES;
				CLANG_WARN_OBJC_LITERAL_CONVERSION = YES;
				CLANG_WARN_OBJC_ROOT_CLASS = YES_ERROR;
				CLANG_WARN_QUOTED_INCLUDE_IN_FRAMEWORK_HEADER = YES;
				CLANG_WARN_RANGE_LOOP_ANALYSIS = YES;
				CLANG_WARN_STRICT_PROTOTYPES = YES;
				CLANG_WARN_SUSPICIOUS_MOVE = YES;
				CLANG_WARN_UNGUARDED_AVAILABILITY = YES_AGGRESSIVE;
				CLANG_WARN_UNREACHABLE_CODE = YES;
				CLANG_WARN__DUPLICATE_METHOD_MATCH = YES;
				COPY_PHASE_STRIP = NO;
				DEBUG_INFORMATION_FORMAT = dwarf;
				ENABLE_STRICT_OBJC_MSGSEND = YES;
				ENABLE_TESTABILITY = YES;
				GCC_C_LANGUAGE_STANDARD = gnu11;
				GCC_DYNAMIC_NO_PIC = NO;
				GCC_NO_COMMON_BLOCKS = YES;
				GCC_OPTIMIZATION_LEVEL = 0;
				GCC_PREPROCESSOR_DEFINITIONS = (
					"DEBUG=1",
					"$(inherited)",
				);
				GCC_WARN_64_TO_32_BIT_CONVERSION = YES;
				GCC_WARN_ABOUT_RETURN_TYPE = YES_ERROR;
				GCC_WARN_UNDECLARED_SELECTOR = YES;
				GCC_WARN_UNINITIALIZED_AUTOS = YES_AGGRESSIVE;
				GCC_WARN_UNUSED_FUNCTION = YES;
				GCC_WARN_UNUSED_VARIABLE = YES;
				IPHONEOS_DEPLOYMENT_TARGET = 16.0;
				MTL_ENABLE_DEBUG_INFO = INCLUDE_SOURCE;
				MTL_FAST_MATH = YES;
				ONLY_ACTIVE_ARCH = YES;
				SDKROOT = iphoneos;
				SWIFT_ACTIVE_COMPILATION_CONDITIONS = DEBUG;
				SWIFT_OPTIMIZATION_LEVEL = "-Onone";
			};
			name = Debug;
		};
		8B37FB3127E02545003B0123 /* Release */ = {
			isa = XCBuildConfiguration;
			buildSettings = {
				ALWAYS_SEARCH_USER_PATHS = NO;
				CLANG_ANALYZER_NONNULL = YES;
				CLANG_ANALYZER_NUMBER_OBJECT_CONVERSION = YES_AGGRESSIVE;
				CLANG_CXX_LANGUAGE_STANDARD = "gnu++17";
				CLANG_CXX_LIBRARY = "libc++";
				CLANG_ENABLE_MODULES = YES;
				CLANG_ENABLE_OBJC_ARC = YES;
				CLANG_ENABLE_OBJC_WEAK = YES;
				CLANG_WARN_BLOCK_CAPTURE_AUTORELEASING = YES;
				CLANG_WARN_BOOL_CONVERSION = YES;
				CLANG_WARN_COMMA = YES;
				CLANG_WARN_CONSTANT_CONVERSION = YES;
				CLANG_WARN_DEPRECATED_OBJC_IMPLEMENTATIONS = YES;
				CLANG_WARN_DIRECT_OBJC_ISA_USAGE = YES_ERROR;
				CLANG_WARN_DOCUMENTATION_COMMENTS = YES;
				CLANG_WARN_EMPTY_BODY = YES;
				CLANG_WARN_ENUM_CONVERSION = YES;
				CLANG_WARN_INFINITE_RECURSION = YES;
				CLANG_WARN_INT_CONVERSION = YES;
				CLANG_WARN_NON_LITERAL_NULL_CONVERSION = YES;
				CLANG_WARN_OBJC_IMPLICIT_RETAIN_SELF = YES;
				CLANG_WARN_OBJC_LITERAL_CONVERSION = YES;
				CLANG_WARN_OBJC_ROOT_CLASS = YES_ERROR;
				CLANG_WARN_QUOTED_INCLUDE_IN_FRAMEWORK_HEADER = YES;
				CLANG_WARN_RANGE_LOOP_ANALYSIS = YES;
				CLANG_WARN_STRICT_PROTOTYPES = YES;
				CLANG_WARN_SUSPICIOUS_MOVE = YES;
				CLANG_WARN_UNGUARDED_AVAILABILITY = YES_AGGRESSIVE;
				CLANG_WARN_UNREACHABLE_CODE = YES;
				CLANG_WARN__DUPLICATE_METHOD_MATCH = YES;
				COPY_PHASE_STRIP = NO;
				DEBUG_INFORMATION_FORMAT = "dwarf-with-dsym";
				ENABLE_NS_ASSERTIONS = NO;
				ENABLE_STRICT_OBJC_MSGSEND = YES;
				GCC_C_LANGUAGE_STANDARD = gnu11;
				GCC_NO_COMMON_BLOCKS = YES;
				GCC_WARN_64_TO_32_BIT_CONVERSION = YES;
				GCC_WARN_ABOUT_RETURN_TYPE = YES_ERROR;
				GCC_WARN_UNDECLARED_SELECTOR = YES;
				GCC_WARN_UNINITIALIZED_AUTOS = YES_AGGRESSIVE;
				GCC_WARN_UNUSED_FUNCTION = YES;
				GCC_WARN_UNUSED_VARIABLE = YES;
				IPHONEOS_DEPLOYMENT_TARGET = 16.0;
				MTL_ENABLE_DEBUG_INFO = NO;
				MTL_FAST_MATH = YES;
				SDKROOT = iphoneos;
				SWIFT_COMPILATION_MODE = wholemodule;
				SWIFT_OPTIMIZATION_LEVEL = "-O";
				VALIDATE_PRODUCT = YES;
			};
			name = Release;
		};
		8B37FB3327E02545003B0123 /* Debug */ = {
			isa = XCBuildConfiguration;
			buildSettings = {
				ASSETCATALOG_COMPILER_APPICON_NAME = AppIcon;
				ASSETCATALOG_COMPILER_GLOBAL_ACCENT_COLOR_NAME = AccentColor;
				CODE_SIGN_STYLE = Automatic;
				CURRENT_PROJECT_VERSION = 1;
				DEVELOPMENT_ASSET_PATHS = "\"Sky/Preview Content\"";
				DEVELOPMENT_TEAM = 6XJLMHPMD7;
				ENABLE_PREVIEWS = YES;
				GENERATE_INFOPLIST_FILE = YES;
				INFOPLIST_FILE = Sky/Info.plist;
				INFOPLIST_KEY_NSCameraUsageDescription = "";
				INFOPLIST_KEY_UIApplicationSceneManifest_Generation = YES;
				INFOPLIST_KEY_UIApplicationSupportsIndirectInputEvents = YES;
				INFOPLIST_KEY_UILaunchScreen_Generation = YES;
				INFOPLIST_KEY_UISupportedInterfaceOrientations_iPad = "UIInterfaceOrientationPortrait UIInterfaceOrientationPortraitUpsideDown UIInterfaceOrientationLandscapeLeft UIInterfaceOrientationLandscapeRight";
				INFOPLIST_KEY_UISupportedInterfaceOrientations_iPhone = "UIInterfaceOrientationPortrait UIInterfaceOrientationLandscapeLeft UIInterfaceOrientationLandscapeRight";
				IPHONEOS_DEPLOYMENT_TARGET = 16.0;
				LD_RUNPATH_SEARCH_PATHS = (
					"$(inherited)",
					"@executable_path/Frameworks",
				);
				MARKETING_VERSION = 1.0;
				PRODUCT_BUNDLE_IDENTIFIER = com.rastnajim.LearnUIKit.Sky;
				PRODUCT_NAME = "$(TARGET_NAME)";
				SWIFT_EMIT_LOC_STRINGS = YES;
				SWIFT_VERSION = 5.0;
				TARGETED_DEVICE_FAMILY = "1,2";
			};
			name = Debug;
		};
		8B37FB3427E02545003B0123 /* Release */ = {
			isa = XCBuildConfiguration;
			buildSettings = {
				ASSETCATALOG_COMPILER_APPICON_NAME = AppIcon;
				ASSETCATALOG_COMPILER_GLOBAL_ACCENT_COLOR_NAME = AccentColor;
				CODE_SIGN_STYLE = Automatic;
				CURRENT_PROJECT_VERSION = 1;
				DEVELOPMENT_ASSET_PATHS = "\"Sky/Preview Content\"";
				DEVELOPMENT_TEAM = 6XJLMHPMD7;
				ENABLE_PREVIEWS = YES;
				GENERATE_INFOPLIST_FILE = YES;
				INFOPLIST_FILE = Sky/Info.plist;
				INFOPLIST_KEY_NSCameraUsageDescription = "";
				INFOPLIST_KEY_UIApplicationSceneManifest_Generation = YES;
				INFOPLIST_KEY_UIApplicationSupportsIndirectInputEvents = YES;
				INFOPLIST_KEY_UILaunchScreen_Generation = YES;
				INFOPLIST_KEY_UISupportedInterfaceOrientations_iPad = "UIInterfaceOrientationPortrait UIInterfaceOrientationPortraitUpsideDown UIInterfaceOrientationLandscapeLeft UIInterfaceOrientationLandscapeRight";
				INFOPLIST_KEY_UISupportedInterfaceOrientations_iPhone = "UIInterfaceOrientationPortrait UIInterfaceOrientationLandscapeLeft UIInterfaceOrientationLandscapeRight";
				IPHONEOS_DEPLOYMENT_TARGET = 16.0;
				LD_RUNPATH_SEARCH_PATHS = (
					"$(inherited)",
					"@executable_path/Frameworks",
				);
				MARKETING_VERSION = 1.0;
				PRODUCT_BUNDLE_IDENTIFIER = com.rastnajim.LearnUIKit.Sky;
				PRODUCT_NAME = "$(TARGET_NAME)";
				SWIFT_EMIT_LOC_STRINGS = YES;
				SWIFT_VERSION = 5.0;
				TARGETED_DEVICE_FAMILY = "1,2";
			};
			name = Release;
		};
/* End XCBuildConfiguration section */

/* Begin XCConfigurationList section */
		8B37FB1F27E02543003B0123 /* Build configuration list for PBXProject "Sky" */ = {
			isa = XCConfigurationList;
			buildConfigurations = (
				8B37FB3027E02545003B0123 /* Debug */,
				8B37FB3127E02545003B0123 /* Release */,
			);
			defaultConfigurationIsVisible = 0;
			defaultConfigurationName = Release;
		};
		8B37FB3227E02545003B0123 /* Build configuration list for PBXNativeTarget "Sky" */ = {
			isa = XCConfigurationList;
			buildConfigurations = (
				8B37FB3327E02545003B0123 /* Debug */,
				8B37FB3427E02545003B0123 /* Release */,
			);
			defaultConfigurationIsVisible = 0;
			defaultConfigurationName = Release;
		};
/* End XCConfigurationList section */

/* Begin XCRemoteSwiftPackageReference section */
		8B72EFC7285FCE6D0011F53A /* XCRemoteSwiftPackageReference "WrappingHStack" */ = {
			isa = XCRemoteSwiftPackageReference;
			repositoryURL = "https://github.com/dkk/WrappingHStack";
			requirement = {
				kind = upToNextMajorVersion;
				minimumVersion = 2.0.0;
			};
		};
		8B9E3C20281369D100AC740F /* XCRemoteSwiftPackageReference "socket" */ = {
			isa = XCRemoteSwiftPackageReference;
			repositoryURL = "https://github.com/socketio/socket.io-client-swift";
			requirement = {
				branch = master;
				kind = branch;
			};
		};
		8BAF078D28092D55008C2F22 /* XCRemoteSwiftPackageReference "Alamofire" */ = {
			isa = XCRemoteSwiftPackageReference;
			repositoryURL = "https://github.com/Alamofire/Alamofire";
			requirement = {
				kind = upToNextMajorVersion;
				minimumVersion = 5.0.0;
			};
		};
		8BBAA4C828053B9900E36AA5 /* XCRemoteSwiftPackageReference "keychain-swift" */ = {
			isa = XCRemoteSwiftPackageReference;
			repositoryURL = "https://github.com/evgenyneu/keychain-swift.git";
			requirement = {
				branch = master;
				kind = branch;
			};
		};
/* End XCRemoteSwiftPackageReference section */

/* Begin XCSwiftPackageProductDependency section */
		8B72EFC8285FCE6D0011F53A /* WrappingHStack */ = {
			isa = XCSwiftPackageProductDependency;
			package = 8B72EFC7285FCE6D0011F53A /* XCRemoteSwiftPackageReference "WrappingHStack" */;
			productName = WrappingHStack;
		};
		8B9E3C21281369D100AC740F /* SocketIO */ = {
			isa = XCSwiftPackageProductDependency;
			package = 8B9E3C20281369D100AC740F /* XCRemoteSwiftPackageReference "socket" */;
			productName = SocketIO;
		};
		8BAF078E28092D55008C2F22 /* Alamofire */ = {
			isa = XCSwiftPackageProductDependency;
			package = 8BAF078D28092D55008C2F22 /* XCRemoteSwiftPackageReference "Alamofire" */;
			productName = Alamofire;
		};
		8BBAA4C928053B9900E36AA5 /* KeychainSwift */ = {
			isa = XCSwiftPackageProductDependency;
			package = 8BBAA4C828053B9900E36AA5 /* XCRemoteSwiftPackageReference "keychain-swift" */;
			productName = KeychainSwift;
		};
/* End XCSwiftPackageProductDependency section */
	};
	rootObject = 8B37FB1C27E02543003B0123 /* Project object */;
}
